
Microsoft Visual Studio Solution File, Format Version 12.00
# Visual Studio Version 17
VisualStudioVersion = 17.13.35913.81
MinimumVisualStudioVersion = 10.0.40219.1
Project("{FAE04EC0-301F-11D3-BF4B-00C04F79EFBC}") = "MedSync.Domain", "MedSync.Domain\MedSync.Domain.csproj", "{C8A20410-1520-4CF1-801D-FEAA7221D66E}"
EndProject
Project("{FAE04EC0-301F-11D3-BF4B-00C04F79EFBC}") = "MedSync.API", "MedSync.API\MedSync.API.csproj", "{9D1F4F43-703A-452C-9DBF-DE77A9C0A0C2}"
EndProject
Project("{FAE04EC0-301F-11D3-BF4B-00C04F79EFBC}") = "MedSync.Infrastructure", "MedSync.Infrastructure\MedSync.Infrastructure.csproj", "{E25D84C6-083B-4CD6-BC5C-069DC92FE9D2}"
EndProject
Project("{FAE04EC0-301F-11D3-BF4B-00C04F79EFBC}") = "MedSync.Test", "MedSync.Test\MedSync.Test.csproj", "{3D43CCBD-8973-4C1B-858C-E026961297AB}"
EndProject
Project("{FAE04EC0-301F-11D3-BF4B-00C04F79EFBC}") = "MedSync.Application", "MedSync.Application\MedSync.Application.csproj", "{92991C63-3DC7-4AB0-37C5-36CAEF08251E}"
EndProject
Project("{FAE04EC0-301F-11D3-BF4B-00C04F79EFBC}") = "MedSync.CrossCutting", "MedSync.CrossCutting\MedSync.CrossCutting.csproj", "{CA91B974-9893-FB9D-372D-CA126596E4B6}"
EndProject
Project("{E53339B2-1760-4266-BCC7-CA923CBCF16C}") = "docker-compose", "docker-compose.dcproj", "{81DDED9D-158B-E303-5F62-77A2896D2A5A}"
EndProject
Global
	GlobalSection(SolutionConfigurationPlatforms) = preSolution
		Debug|Any CPU = Debug|Any CPU
		Release|Any CPU = Release|Any CPU
	EndGlobalSection
	GlobalSection(ProjectConfigurationPlatforms) = postSolution
		{C8A20410-1520-4CF1-801D-FEAA7221D66E}.Debug|Any CPU.ActiveCfg = Debug|Any CPU
		{C8A20410-1520-4CF1-801D-FEAA7221D66E}.Debug|Any CPU.Build.0 = Debug|Any CPU
		{C8A20410-1520-4CF1-801D-FEAA7221D66E}.Release|Any CPU.ActiveCfg = Release|Any CPU
		{C8A20410-1520-4CF1-801D-FEAA7221D66E}.Release|Any CPU.Build.0 = Release|Any CPU
		{9D1F4F43-703A-452C-9DBF-DE77A9C0A0C2}.Debug|Any CPU.ActiveCfg = Debug|Any CPU
		{9D1F4F43-703A-452C-9DBF-DE77A9C0A0C2}.Debug|Any CPU.Build.0 = Debug|Any CPU
		{9D1F4F43-703A-452C-9DBF-DE77A9C0A0C2}.Release|Any CPU.ActiveCfg = Release|Any CPU
		{9D1F4F43-703A-452C-9DBF-DE77A9C0A0C2}.Release|Any CPU.Build.0 = Release|Any CPU
		{E25D84C6-083B-4CD6-BC5C-069DC92FE9D2}.Debug|Any CPU.ActiveCfg = Debug|Any CPU
		{E25D84C6-083B-4CD6-BC5C-069DC92FE9D2}.Debug|Any CPU.Build.0 = Debug|Any CPU
		{E25D84C6-083B-4CD6-BC5C-069DC92FE9D2}.Release|Any CPU.ActiveCfg = Release|Any CPU
		{E25D84C6-083B-4CD6-BC5C-069DC92FE9D2}.Release|Any CPU.Build.0 = Release|Any CPU
		{3D43CCBD-8973-4C1B-858C-E026961297AB}.Debug|Any CPU.ActiveCfg = Debug|Any CPU
		{3D43CCBD-8973-4C1B-858C-E026961297AB}.Debug|Any CPU.Build.0 = Debug|Any CPU
		{3D43CCBD-8973-4C1B-858C-E026961297AB}.Release|Any CPU.ActiveCfg = Release|Any CPU
		{3D43CCBD-8973-4C1B-858C-E026961297AB}.Release|Any CPU.Build.0 = Release|Any CPU
		{92991C63-3DC7-4AB0-37C5-36CAEF08251E}.Debug|Any CPU.ActiveCfg = Debug|Any CPU
		{92991C63-3DC7-4AB0-37C5-36CAEF08251E}.Debug|Any CPU.Build.0 = Debug|Any CPU
		{92991C63-3DC7-4AB0-37C5-36CAEF08251E}.Release|Any CPU.ActiveCfg = Release|Any CPU
		{92991C63-3DC7-4AB0-37C5-36CAEF08251E}.Release|Any CPU.Build.0 = Release|Any CPU
		{CA91B974-9893-FB9D-372D-CA126596E4B6}.Debug|Any CPU.ActiveCfg = Debug|Any CPU
		{CA91B974-9893-FB9D-372D-CA126596E4B6}.Debug|Any CPU.Build.0 = Debug|Any CPU
		{CA91B974-9893-FB9D-372D-CA126596E4B6}.Release|Any CPU.ActiveCfg = Release|Any CPU
		{CA91B974-9893-FB9D-372D-CA126596E4B6}.Release|Any CPU.Build.0 = Release|Any CPU
		{81DDED9D-158B-E303-5F62-77A2896D2A5A}.Debug|Any CPU.ActiveCfg = Debug|Any CPU
		{81DDED9D-158B-E303-5F62-77A2896D2A5A}.Debug|Any CPU.Build.0 = Debug|Any CPU
		{81DDED9D-158B-E303-5F62-77A2896D2A5A}.Release|Any CPU.ActiveCfg = Release|Any CPU
		{81DDED9D-158B-E303-5F62-77A2896D2A5A}.Release|Any CPU.Build.0 = Release|Any CPU
	EndGlobalSection
	GlobalSection(SolutionProperties) = preSolution
		HideSolutionNode = FALSE
	EndGlobalSection
	GlobalSection(ExtensibilityGlobals) = postSolution
		SolutionGuid = {8845EE7C-3B95-4960-8332-A1A61F737667}
	EndGlobalSection
EndGlobal
